PODS:
  - Alamofire (4.5.1)
  - Commander (0.7.0)
  - ModelMapper (7.1.0)

DEPENDENCIES:
  - Alamofire
  - Commander
  - ModelMapper

SPEC CHECKSUMS:
  Alamofire: 2d95912bf4c34f164fdfc335872e8c312acaea4a
  Commander: a12712a84e9641e712aa5b6c196fddb8d6556189
  ModelMapper: 0cc9e34061838c0ece4efd6ba3ae147bf7760a1b

PODFILE CHECKSUM: bcd297bc6554e1ee6812dd5f96470299b0548e32

COCOAPODS: 1.2.1
