PODS:
  - Alamofire (3.1.4)
  - Commander (0.4.0)
  - ModelMapper (1.0.1)

DEPENDENCIES:
  - Alamofire (~> 3.0)
  - Commander (~> 0.4)
  - ModelMapper

SPEC CHECKSUMS:
  Alamofire: fbc829692f351fa1d8a31dd75fd7f7f56fea31fb
  Commander: d8b6fb03ede480cf565ab0caa86d9670766936b4
  ModelMapper: 724dba38a40af2f23b6512a3e729ac7f5a7fde5c

COCOAPODS: 0.39.0
