// !$*UTF8*$!
{
	archiveVersion = 1;
	classes = {
	};
	objectVersion = 46;
	objects = {

/* Begin PBXBuildFile section */
		283CA9891C2F410400E891BA /* main.swift in Sources */ = {isa = PBXBuildFile; fileRef = 283CA9881C2F410400E891BA /* main.swift */; };
		283CA9901C2F8D2900E891BA /* GraphQLTypeDescription.swift in Sources */ = {isa = PBXBuildFile; fileRef = 283CA98F1C2F8D2900E891BA /* GraphQLTypeDescription.swift */; };
		283CA9921C30BB9600E891BA /* SwiftCodeGen.swift in Sources */ = {isa = PBXBuildFile; fileRef = 283CA9911C30BB9600E891BA /* SwiftCodeGen.swift */; };
		83EFDC031F7C48C3007C2FE8 /* Alamofire.framework in Frameworks */ = {isa = PBXBuildFile; fileRef = 83EFDC041F7C48C3007C2FE8 /* Alamofire.framework */; };
		B35CC496A6F00602684E6FE9 /* Pods_graphql_swift_codegen.framework in Frameworks */ = {isa = PBXBuildFile; fileRef = 6E19C4E391C8D86CCE692E33 /* Pods_graphql_swift_codegen.framework */; };
/* End PBXBuildFile section */

/* Begin PBXCopyFilesBuildPhase section */
		283CA9831C2F410400E891BA /* CopyFiles */ = {
			isa = PBXCopyFilesBuildPhase;
			buildActionMask = 2147483647;
			dstPath = /usr/share/man/man1/;
			dstSubfolderSpec = 0;
			files = (
			);
			runOnlyForDeploymentPostprocessing = 1;
		};
/* End PBXCopyFilesBuildPhase section */

/* Begin PBXFileReference section */
		283CA9851C2F410400E891BA /* graphql-swift-codegen */ = {isa = PBXFileReference; explicitFileType = "compiled.mach-o.executable"; includeInIndex = 0; path = "graphql-swift-codegen"; sourceTree = BUILT_PRODUCTS_DIR; };
		283CA9881C2F410400E891BA /* main.swift */ = {isa = PBXFileReference; lastKnownFileType = sourcecode.swift; path = main.swift; sourceTree = "<group>"; };
		283CA98F1C2F8D2900E891BA /* GraphQLTypeDescription.swift */ = {isa = PBXFileReference; fileEncoding = 4; lastKnownFileType = sourcecode.swift; path = GraphQLTypeDescription.swift; sourceTree = "<group>"; };
		283CA9911C30BB9600E891BA /* SwiftCodeGen.swift */ = {isa = PBXFileReference; fileEncoding = 4; lastKnownFileType = sourcecode.swift; path = SwiftCodeGen.swift; sourceTree = "<group>"; };
		6E19C4E391C8D86CCE692E33 /* Pods_graphql_swift_codegen.framework */ = {isa = PBXFileReference; explicitFileType = wrapper.framework; includeInIndex = 0; path = Pods_graphql_swift_codegen.framework; sourceTree = BUILT_PRODUCTS_DIR; };
		83EFDC001F7C48A0007C2FE8 /* Alamofire.framework */ = {isa = PBXFileReference; explicitFileType = wrapper.framework; path = Alamofire.framework; sourceTree = BUILT_PRODUCTS_DIR; };
		83EFDC011F7C48A0007C2FE8 /* Commander.framework */ = {isa = PBXFileReference; explicitFileType = wrapper.framework; path = Commander.framework; sourceTree = BUILT_PRODUCTS_DIR; };
		83EFDC021F7C48A0007C2FE8 /* Mapper.framework */ = {isa = PBXFileReference; explicitFileType = wrapper.framework; path = Mapper.framework; sourceTree = BUILT_PRODUCTS_DIR; };
		83EFDC041F7C48C3007C2FE8 /* Alamofire.framework */ = {isa = PBXFileReference; explicitFileType = wrapper.framework; path = Alamofire.framework; sourceTree = BUILT_PRODUCTS_DIR; };
		EC2FC2E738C717C46EA0153D /* Pods.framework */ = {isa = PBXFileReference; explicitFileType = wrapper.framework; includeInIndex = 0; path = Pods.framework; sourceTree = BUILT_PRODUCTS_DIR; };
		F6811308B47CA7AB81FA13EC /* Pods-graphql-swift-codegen.release.xcconfig */ = {isa = PBXFileReference; includeInIndex = 1; lastKnownFileType = text.xcconfig; name = "Pods-graphql-swift-codegen.release.xcconfig"; path = "Pods/Target Support Files/Pods-graphql-swift-codegen/Pods-graphql-swift-codegen.release.xcconfig"; sourceTree = "<group>"; };
		FAE43D1053D958C5CD23FDFA /* Pods-graphql-swift-codegen.debug.xcconfig */ = {isa = PBXFileReference; includeInIndex = 1; lastKnownFileType = text.xcconfig; name = "Pods-graphql-swift-codegen.debug.xcconfig"; path = "Pods/Target Support Files/Pods-graphql-swift-codegen/Pods-graphql-swift-codegen.debug.xcconfig"; sourceTree = "<group>"; };
/* End PBXFileReference section */

/* Begin PBXFrameworksBuildPhase section */
		283CA9821C2F410400E891BA /* Frameworks */ = {
			isa = PBXFrameworksBuildPhase;
			buildActionMask = 2147483647;
			files = (
				83EFDC031F7C48C3007C2FE8 /* Alamofire.framework in Frameworks */,
				B35CC496A6F00602684E6FE9 /* Pods_graphql_swift_codegen.framework in Frameworks */,
			);
			runOnlyForDeploymentPostprocessing = 0;
		};
/* End PBXFrameworksBuildPhase section */

/* Begin PBXGroup section */
		283CA97C1C2F410400E891BA = {
			isa = PBXGroup;
			children = (
				283CA9871C2F410400E891BA /* graphql-swift-codegen */,
				283CA9861C2F410400E891BA /* Products */,
				8A0E156DAE9CDF8AE6867544 /* Frameworks */,
				EFAE028225F228B195A4069E /* Pods */,
			);
			sourceTree = "<group>";
		};
		283CA9861C2F410400E891BA /* Products */ = {
			isa = PBXGroup;
			children = (
				283CA9851C2F410400E891BA /* graphql-swift-codegen */,
			);
			name = Products;
			sourceTree = "<group>";
		};
		283CA9871C2F410400E891BA /* graphql-swift-codegen */ = {
			isa = PBXGroup;
			children = (
				283CA9881C2F410400E891BA /* main.swift */,
				283CA98F1C2F8D2900E891BA /* GraphQLTypeDescription.swift */,
				283CA9911C30BB9600E891BA /* SwiftCodeGen.swift */,
			);
			path = "graphql-swift-codegen";
			sourceTree = "<group>";
		};
		8A0E156DAE9CDF8AE6867544 /* Frameworks */ = {
			isa = PBXGroup;
			children = (
				83EFDC041F7C48C3007C2FE8 /* Alamofire.framework */,
				83EFDC001F7C48A0007C2FE8 /* Alamofire.framework */,
				83EFDC011F7C48A0007C2FE8 /* Commander.framework */,
				83EFDC021F7C48A0007C2FE8 /* Mapper.framework */,
				EC2FC2E738C717C46EA0153D /* Pods.framework */,
				6E19C4E391C8D86CCE692E33 /* Pods_graphql_swift_codegen.framework */,
			);
			name = Frameworks;
			sourceTree = "<group>";
		};
		EFAE028225F228B195A4069E /* Pods */ = {
			isa = PBXGroup;
			children = (
				FAE43D1053D958C5CD23FDFA /* Pods-graphql-swift-codegen.debug.xcconfig */,
				F6811308B47CA7AB81FA13EC /* Pods-graphql-swift-codegen.release.xcconfig */,
			);
			name = Pods;
			sourceTree = "<group>";
		};
/* End PBXGroup section */

/* Begin PBXNativeTarget section */
		283CA9841C2F410400E891BA /* graphql-swift-codegen */ = {
			isa = PBXNativeTarget;
			buildConfigurationList = 283CA98C1C2F410400E891BA /* Build configuration list for PBXNativeTarget "graphql-swift-codegen" */;
			buildPhases = (
				B17F46AEF0C255B1299E7864 /* [CP] Check Pods Manifest.lock */,
				283CA9811C2F410400E891BA /* Sources */,
				283CA9821C2F410400E891BA /* Frameworks */,
				283CA9831C2F410400E891BA /* CopyFiles */,
				27936A875214C357D18A2861 /* [CP] Copy Pods Resources */,
			);
			buildRules = (
			);
			dependencies = (
			);
			name = "graphql-swift-codegen";
			productName = "graphql-swift-codegen";
			productReference = 283CA9851C2F410400E891BA /* graphql-swift-codegen */;
			productType = "com.apple.product-type.tool";
		};
/* End PBXNativeTarget section */

/* Begin PBXProject section */
		283CA97D1C2F410400E891BA /* Project object */ = {
			isa = PBXProject;
			attributes = {
				LastSwiftUpdateCheck = 0720;
				LastUpgradeCheck = 0720;
				ORGANIZATIONNAME = "Todd Berman";
				TargetAttributes = {
					283CA9841C2F410400E891BA = {
						CreatedOnToolsVersion = 7.2;
					};
				};
			};
			buildConfigurationList = 283CA9801C2F410400E891BA /* Build configuration list for PBXProject "graphql-swift-codegen" */;
			compatibilityVersion = "Xcode 3.2";
			developmentRegion = English;
			hasScannedForEncodings = 0;
			knownRegions = (
				en,
			);
			mainGroup = 283CA97C1C2F410400E891BA;
			productRefGroup = 283CA9861C2F410400E891BA /* Products */;
			projectDirPath = "";
			projectRoot = "";
			targets = (
				283CA9841C2F410400E891BA /* graphql-swift-codegen */,
			);
		};
/* End PBXProject section */

/* Begin PBXShellScriptBuildPhase section */
		27936A875214C357D18A2861 /* [CP] Copy Pods Resources */ = {
			isa = PBXShellScriptBuildPhase;
			buildActionMask = 2147483647;
			files = (
			);
			inputPaths = (
			);
			name = "[CP] Copy Pods Resources";
			outputPaths = (
			);
			runOnlyForDeploymentPostprocessing = 0;
			shellPath = /bin/sh;
			shellScript = "\"${SRCROOT}/Pods/Target Support Files/Pods-graphql-swift-codegen/Pods-graphql-swift-codegen-resources.sh\"\n";
			showEnvVarsInLog = 0;
		};
		B17F46AEF0C255B1299E7864 /* [CP] Check Pods Manifest.lock */ = {
			isa = PBXShellScriptBuildPhase;
			buildActionMask = 2147483647;
			files = (
			);
			inputPaths = (
			);
			name = "[CP] Check Pods Manifest.lock";
			outputPaths = (
			);
			runOnlyForDeploymentPostprocessing = 0;
			shellPath = /bin/sh;
			shellScript = "diff \"${PODS_PODFILE_DIR_PATH}/Podfile.lock\" \"${PODS_ROOT}/Manifest.lock\" > /dev/null\nif [ $? != 0 ] ; then\n    # print error to STDERR\n    echo \"error: The sandbox is not in sync with the Podfile.lock. Run 'pod install' or update your CocoaPods installation.\" >&2\n    exit 1\nfi\n";
			showEnvVarsInLog = 0;
		};
/* End PBXShellScriptBuildPhase section */

/* Begin PBXSourcesBuildPhase section */
		283CA9811C2F410400E891BA /* Sources */ = {
			isa = PBXSourcesBuildPhase;
			buildActionMask = 2147483647;
			files = (
				283CA9921C30BB9600E891BA /* SwiftCodeGen.swift in Sources */,
				283CA9891C2F410400E891BA /* main.swift in Sources */,
				283CA9901C2F8D2900E891BA /* GraphQLTypeDescription.swift in Sources */,
			);
			runOnlyForDeploymentPostprocessing = 0;
		};
/* End PBXSourcesBuildPhase section */

/* Begin XCBuildConfiguration section */
		283CA98A1C2F410400E891BA /* Debug */ = {
			isa = XCBuildConfiguration;
			buildSettings = {
				ALWAYS_SEARCH_USER_PATHS = NO;
				CLANG_CXX_LANGUAGE_STANDARD = "gnu++0x";
				CLANG_CXX_LIBRARY = "libc++";
				CLANG_ENABLE_MODULES = YES;
				CLANG_ENABLE_OBJC_ARC = YES;
				CLANG_WARN_BOOL_CONVERSION = YES;
				CLANG_WARN_CONSTANT_CONVERSION = YES;
				CLANG_WARN_DIRECT_OBJC_ISA_USAGE = YES_ERROR;
				CLANG_WARN_EMPTY_BODY = YES;
				CLANG_WARN_ENUM_CONVERSION = YES;
				CLANG_WARN_INT_CONVERSION = YES;
				CLANG_WARN_OBJC_ROOT_CLASS = YES_ERROR;
				CLANG_WARN_UNREACHABLE_CODE = YES;
				CLANG_WARN__DUPLICATE_METHOD_MATCH = YES;
				CODE_SIGN_IDENTITY = "-";
				COPY_PHASE_STRIP = NO;
				DEBUG_INFORMATION_FORMAT = dwarf;
				ENABLE_STRICT_OBJC_MSGSEND = YES;
				ENABLE_TESTABILITY = YES;
				GCC_C_LANGUAGE_STANDARD = gnu99;
				GCC_DYNAMIC_NO_PIC = NO;
				GCC_NO_COMMON_BLOCKS = YES;
				GCC_OPTIMIZATION_LEVEL = 0;
				GCC_PREPROCESSOR_DEFINITIONS = (
					"DEBUG=1",
					"$(inherited)",
				);
				GCC_WARN_64_TO_32_BIT_CONVERSION = YES;
				GCC_WARN_ABOUT_RETURN_TYPE = YES_ERROR;
				GCC_WARN_UNDECLARED_SELECTOR = YES;
				GCC_WARN_UNINITIALIZED_AUTOS = YES_AGGRESSIVE;
				GCC_WARN_UNUSED_FUNCTION = YES;
				GCC_WARN_UNUSED_VARIABLE = YES;
				MACOSX_DEPLOYMENT_TARGET = 10.11;
				MTL_ENABLE_DEBUG_INFO = YES;
				ONLY_ACTIVE_ARCH = YES;
				SDKROOT = macosx;
				SWIFT_OPTIMIZATION_LEVEL = "-Onone";
			};
			name = Debug;
		};
		283CA98B1C2F410400E891BA /* Release */ = {
			isa = XCBuildConfiguration;
			buildSettings = {
				ALWAYS_SEARCH_USER_PATHS = NO;
				CLANG_CXX_LANGUAGE_STANDARD = "gnu++0x";
				CLANG_CXX_LIBRARY = "libc++";
				CLANG_ENABLE_MODULES = YES;
				CLANG_ENABLE_OBJC_ARC = YES;
				CLANG_WARN_BOOL_CONVERSION = YES;
				CLANG_WARN_CONSTANT_CONVERSION = YES;
				CLANG_WARN_DIRECT_OBJC_ISA_USAGE = YES_ERROR;
				CLANG_WARN_EMPTY_BODY = YES;
				CLANG_WARN_ENUM_CONVERSION = YES;
				CLANG_WARN_INT_CONVERSION = YES;
				CLANG_WARN_OBJC_ROOT_CLASS = YES_ERROR;
				CLANG_WARN_UNREACHABLE_CODE = YES;
				CLANG_WARN__DUPLICATE_METHOD_MATCH = YES;
				CODE_SIGN_IDENTITY = "-";
				COPY_PHASE_STRIP = NO;
				DEBUG_INFORMATION_FORMAT = "dwarf-with-dsym";
				ENABLE_NS_ASSERTIONS = NO;
				ENABLE_STRICT_OBJC_MSGSEND = YES;
				GCC_C_LANGUAGE_STANDARD = gnu99;
				GCC_NO_COMMON_BLOCKS = YES;
				GCC_WARN_64_TO_32_BIT_CONVERSION = YES;
				GCC_WARN_ABOUT_RETURN_TYPE = YES_ERROR;
				GCC_WARN_UNDECLARED_SELECTOR = YES;
				GCC_WARN_UNINITIALIZED_AUTOS = YES_AGGRESSIVE;
				GCC_WARN_UNUSED_FUNCTION = YES;
				GCC_WARN_UNUSED_VARIABLE = YES;
				MACOSX_DEPLOYMENT_TARGET = 10.11;
				MTL_ENABLE_DEBUG_INFO = NO;
				SDKROOT = macosx;
			};
			name = Release;
		};
		283CA98D1C2F410400E891BA /* Debug */ = {
			isa = XCBuildConfiguration;
			baseConfigurationReference = FAE43D1053D958C5CD23FDFA /* Pods-graphql-swift-codegen.debug.xcconfig */;
			buildSettings = {
				PRODUCT_NAME = "$(TARGET_NAME)";
				SWIFT_VERSION = 4.0;
			};
			name = Debug;
		};
		283CA98E1C2F410400E891BA /* Release */ = {
			isa = XCBuildConfiguration;
			baseConfigurationReference = F6811308B47CA7AB81FA13EC /* Pods-graphql-swift-codegen.release.xcconfig */;
			buildSettings = {
				PRODUCT_NAME = "$(TARGET_NAME)";
				SWIFT_VERSION = 4.0;
			};
			name = Release;
		};
/* End XCBuildConfiguration section */

/* Begin XCConfigurationList section */
		283CA9801C2F410400E891BA /* Build configuration list for PBXProject "graphql-swift-codegen" */ = {
			isa = XCConfigurationList;
			buildConfigurations = (
				283CA98A1C2F410400E891BA /* Debug */,
				283CA98B1C2F410400E891BA /* Release */,
			);
			defaultConfigurationIsVisible = 0;
			defaultConfigurationName = Release;
		};
		283CA98C1C2F410400E891BA /* Build configuration list for PBXNativeTarget "graphql-swift-codegen" */ = {
			isa = XCConfigurationList;
			buildConfigurations = (
				283CA98D1C2F410400E891BA /* Debug */,
				283CA98E1C2F410400E891BA /* Release */,
			);
			defaultConfigurationIsVisible = 0;
			defaultConfigurationName = Release;
		};
/* End XCConfigurationList section */
	};
	rootObject = 283CA97D1C2F410400E891BA /* Project object */;
}
